// !$*UTF8*$!
{
	archiveVersion = 1;
	classes = {
	};
	objectVersion = 56;
	objects = {

/* Begin PBXBuildFile section */
		A824D1DD2A15108900A3518F /* ProcosApp.swift in Sources */ = {isa = PBXBuildFile; fileRef = A824D1DC2A15108900A3518F /* ProcosApp.swift */; };
		A824D1DF2A15108900A3518F /* ContentView.swift in Sources */ = {isa = PBXBuildFile; fileRef = A824D1DE2A15108900A3518F /* ContentView.swift */; };
		A824D1E12A15108C00A3518F /* Assets.xcassets in Resources */ = {isa = PBXBuildFile; fileRef = A824D1E02A15108C00A3518F /* Assets.xcassets */; };
		A824D1E42A15108C00A3518F /* Preview Assets.xcassets in Resources */ = {isa = PBXBuildFile; fileRef = A824D1E32A15108C00A3518F /* Preview Assets.xcassets */; };
		A824D1EE2A15108C00A3518F /* ProcosTests.swift in Sources */ = {isa = PBXBuildFile; fileRef = A824D1ED2A15108C00A3518F /* ProcosTests.swift */; };
		A824D1F82A15108C00A3518F /* ProcosUITests.swift in Sources */ = {isa = PBXBuildFile; fileRef = A824D1F72A15108C00A3518F /* ProcosUITests.swift */; };
		A824D1FA2A15108C00A3518F /* ProcosUITestsLaunchTests.swift in Sources */ = {isa = PBXBuildFile; fileRef = A824D1F92A15108C00A3518F /* ProcosUITestsLaunchTests.swift */; };
/* End PBXBuildFile section */

/* Begin PBXContainerItemProxy section */
		A824D1EA2A15108C00A3518F /* PBXContainerItemProxy */ = {
			isa = PBXContainerItemProxy;
			containerPortal = A824D1D12A15108900A3518F /* Project object */;
			proxyType = 1;
			remoteGlobalIDString = A824D1D82A15108900A3518F;
			remoteInfo = Procos;
		};
		A824D1F42A15108C00A3518F /* PBXContainerItemProxy */ = {
			isa = PBXContainerItemProxy;
			containerPortal = A824D1D12A15108900A3518F /* Project object */;
			proxyType = 1;
			remoteGlobalIDString = A824D1D82A15108900A3518F;
			remoteInfo = Procos;
		};
/* End PBXContainerItemProxy section */

/* Begin PBXFileReference section */
		A824D1D92A15108900A3518F /* Procas.app */ = {isa = PBXFileReference; explicitFileType = wrapper.application; includeInIndex = 0; path = Procas.app; sourceTree = BUILT_PRODUCTS_DIR; };
		A824D1DC2A15108900A3518F /* ProcosApp.swift */ = {isa = PBXFileReference; lastKnownFileType = sourcecode.swift; path = ProcosApp.swift; sourceTree = "<group>"; };
		A824D1DE2A15108900A3518F /* ContentView.swift */ = {isa = PBXFileReference; lastKnownFileType = sourcecode.swift; path = ContentView.swift; sourceTree = "<group>"; };
		A824D1E02A15108C00A3518F /* Assets.xcassets */ = {isa = PBXFileReference; lastKnownFileType = folder.assetcatalog; path = Assets.xcassets; sourceTree = "<group>"; };
		A824D1E32A15108C00A3518F /* Preview Assets.xcassets */ = {isa = PBXFileReference; lastKnownFileType = folder.assetcatalog; path = "Preview Assets.xcassets"; sourceTree = "<group>"; };
		A824D1E92A15108C00A3518F /* ProcasTests.xctest */ = {isa = PBXFileReference; explicitFileType = wrapper.cfbundle; includeInIndex = 0; path = ProcasTests.xctest; sourceTree = BUILT_PRODUCTS_DIR; };
		A824D1ED2A15108C00A3518F /* ProcosTests.swift */ = {isa = PBXFileReference; lastKnownFileType = sourcecode.swift; path = ProcosTests.swift; sourceTree = "<group>"; };
		A824D1F32A15108C00A3518F /* ProcasUITests.xctest */ = {isa = PBXFileReference; explicitFileType = wrapper.cfbundle; includeInIndex = 0; path = ProcasUITests.xctest; sourceTree = BUILT_PRODUCTS_DIR; };
		A824D1F72A15108C00A3518F /* ProcosUITests.swift */ = {isa = PBXFileReference; lastKnownFileType = sourcecode.swift; path = ProcosUITests.swift; sourceTree = "<group>"; };
		A824D1F92A15108C00A3518F /* ProcosUITestsLaunchTests.swift */ = {isa = PBXFileReference; lastKnownFileType = sourcecode.swift; path = ProcosUITestsLaunchTests.swift; sourceTree = "<group>"; };
/* End PBXFileReference section */

/* Begin PBXFrameworksBuildPhase section */
		A824D1D62A15108900A3518F /* Frameworks */ = {
			isa = PBXFrameworksBuildPhase;
			buildActionMask = 2147483647;
			files = (
			);
			runOnlyForDeploymentPostprocessing = 0;
		};
		A824D1E62A15108C00A3518F /* Frameworks */ = {
			isa = PBXFrameworksBuildPhase;
			buildActionMask = 2147483647;
			files = (
			);
			runOnlyForDeploymentPostprocessing = 0;
		};
		A824D1F02A15108C00A3518F /* Frameworks */ = {
			isa = PBXFrameworksBuildPhase;
			buildActionMask = 2147483647;
			files = (
			);
			runOnlyForDeploymentPostprocessing = 0;
		};
/* End PBXFrameworksBuildPhase section */

/* Begin PBXGroup section */
		A824D1D02A15108900A3518F = {
			isa = PBXGroup;
			children = (
				A824D1DB2A15108900A3518F /* Procos */,
				A824D1EC2A15108C00A3518F /* ProcosTests */,
				A824D1F62A15108C00A3518F /* ProcosUITests */,
				A824D1DA2A15108900A3518F /* Products */,
			);
			sourceTree = "<group>";
		};
		A824D1DA2A15108900A3518F /* Products */ = {
			isa = PBXGroup;
			children = (
				A824D1D92A15108900A3518F /* Procas.app */,
				A824D1E92A15108C00A3518F /* ProcasTests.xctest */,
				A824D1F32A15108C00A3518F /* ProcasUITests.xctest */,
			);
			name = Products;
			sourceTree = "<group>";
		};
		A824D1DB2A15108900A3518F /* Procos */ = {
			isa = PBXGroup;
			children = (
				A824D1DC2A15108900A3518F /* ProcosApp.swift */,
				A824D1DE2A15108900A3518F /* ContentView.swift */,
				A824D1E02A15108C00A3518F /* Assets.xcassets */,
				A824D1E22A15108C00A3518F /* Preview Content */,
			);
			path = Procos;
			sourceTree = "<group>";
		};
		A824D1E22A15108C00A3518F /* Preview Content */ = {
			isa = PBXGroup;
			children = (
				A824D1E32A15108C00A3518F /* Preview Assets.xcassets */,
			);
			path = "Preview Content";
			sourceTree = "<group>";
		};
		A824D1EC2A15108C00A3518F /* ProcosTests */ = {
			isa = PBXGroup;
			children = (
				A824D1ED2A15108C00A3518F /* ProcosTests.swift */,
			);
			path = ProcosTests;
			sourceTree = "<group>";
		};
		A824D1F62A15108C00A3518F /* ProcosUITests */ = {
			isa = PBXGroup;
			children = (
				A824D1F72A15108C00A3518F /* ProcosUITests.swift */,
				A824D1F92A15108C00A3518F /* ProcosUITestsLaunchTests.swift */,
			);
			path = ProcosUITests;
			sourceTree = "<group>";
		};
/* End PBXGroup section */

/* Begin PBXNativeTarget section */
		A824D1D82A15108900A3518F /* Procas */ = {
			isa = PBXNativeTarget;
			buildConfigurationList = A824D1FD2A15108C00A3518F /* Build configuration list for PBXNativeTarget "Procas" */;
			buildPhases = (
				A824D1D52A15108900A3518F /* Sources */,
				A824D1D62A15108900A3518F /* Frameworks */,
				A824D1D72A15108900A3518F /* Resources */,
			);
			buildRules = (
			);
			dependencies = (
			);
			name = Procas;
			productName = Procos;
			productReference = A824D1D92A15108900A3518F /* Procas.app */;
			productType = "com.apple.product-type.application";
		};
		A824D1E82A15108C00A3518F /* ProcasTests */ = {
			isa = PBXNativeTarget;
			buildConfigurationList = A824D2002A15108C00A3518F /* Build configuration list for PBXNativeTarget "ProcasTests" */;
			buildPhases = (
				A824D1E52A15108C00A3518F /* Sources */,
				A824D1E62A15108C00A3518F /* Frameworks */,
				A824D1E72A15108C00A3518F /* Resources */,
			);
			buildRules = (
			);
			dependencies = (
				A824D1EB2A15108C00A3518F /* PBXTargetDependency */,
			);
			name = ProcasTests;
			productName = ProcosTests;
			productReference = A824D1E92A15108C00A3518F /* ProcasTests.xctest */;
			productType = "com.apple.product-type.bundle.unit-test";
		};
		A824D1F22A15108C00A3518F /* ProcasUITests */ = {
			isa = PBXNativeTarget;
			buildConfigurationList = A824D2032A15108C00A3518F /* Build configuration list for PBXNativeTarget "ProcasUITests" */;
			buildPhases = (
				A824D1EF2A15108C00A3518F /* Sources */,
				A824D1F02A15108C00A3518F /* Frameworks */,
				A824D1F12A15108C00A3518F /* Resources */,
			);
			buildRules = (
			);
			dependencies = (
				A824D1F52A15108C00A3518F /* PBXTargetDependency */,
			);
			name = ProcasUITests;
			productName = ProcosUITests;
			productReference = A824D1F32A15108C00A3518F /* ProcasUITests.xctest */;
			productType = "com.apple.product-type.bundle.ui-testing";
		};
/* End PBXNativeTarget section */

/* Begin PBXProject section */
		A824D1D12A15108900A3518F /* Project object */ = {
			isa = PBXProject;
			attributes = {
				BuildIndependentTargetsInParallel = 1;
				LastSwiftUpdateCheck = 1410;
				LastUpgradeCheck = 1410;
				TargetAttributes = {
					A824D1D82A15108900A3518F = {
						CreatedOnToolsVersion = 14.1;
					};
					A824D1E82A15108C00A3518F = {
						CreatedOnToolsVersion = 14.1;
						TestTargetID = A824D1D82A15108900A3518F;
					};
					A824D1F22A15108C00A3518F = {
						CreatedOnToolsVersion = 14.1;
						TestTargetID = A824D1D82A15108900A3518F;
					};
				};
			};
			buildConfigurationList = A824D1D42A15108900A3518F /* Build configuration list for PBXProject "Procas" */;
			compatibilityVersion = "Xcode 14.0";
			developmentRegion = en;
			hasScannedForEncodings = 0;
			knownRegions = (
				en,
				Base,
			);
			mainGroup = A824D1D02A15108900A3518F;
			productRefGroup = A824D1DA2A15108900A3518F /* Products */;
			projectDirPath = "";
			projectRoot = "";
			targets = (
				A824D1D82A15108900A3518F /* Procas */,
				A824D1E82A15108C00A3518F /* ProcasTests */,
				A824D1F22A15108C00A3518F /* ProcasUITests */,
			);
		};
/* End PBXProject section */

/* Begin PBXResourcesBuildPhase section */
		A824D1D72A15108900A3518F /* Resources */ = {
			isa = PBXResourcesBuildPhase;
			buildActionMask = 2147483647;
			files = (
				A824D1E42A15108C00A3518F /* Preview Assets.xcassets in Resources */,
				A824D1E12A15108C00A3518F /* Assets.xcassets in Resources */,
			);
			runOnlyForDeploymentPostprocessing = 0;
		};
		A824D1E72A15108C00A3518F /* Resources */ = {
			isa = PBXResourcesBuildPhase;
			buildActionMask = 2147483647;
			files = (
			);
			runOnlyForDeploymentPostprocessing = 0;
		};
		A824D1F12A15108C00A3518F /* Resources */ = {
			isa = PBXResourcesBuildPhase;
			buildActionMask = 2147483647;
			files = (
			);
			runOnlyForDeploymentPostprocessing = 0;
		};
/* End PBXResourcesBuildPhase section */

/* Begin PBXSourcesBuildPhase section */
		A824D1D52A15108900A3518F /* Sources */ = {
			isa = PBXSourcesBuildPhase;
			buildActionMask = 2147483647;
			files = (
				A824D1DF2A15108900A3518F /* ContentView.swift in Sources */,
				A824D1DD2A15108900A3518F /* ProcosApp.swift in Sources */,
			);
			runOnlyForDeploymentPostprocessing = 0;
		};
		A824D1E52A15108C00A3518F /* Sources */ = {
			isa = PBXSourcesBuildPhase;
			buildActionMask = 2147483647;
			files = (
				A824D1EE2A15108C00A3518F /* ProcosTests.swift in Sources */,
			);
			runOnlyForDeploymentPostprocessing = 0;
		};
		A824D1EF2A15108C00A3518F /* Sources */ = {
			isa = PBXSourcesBuildPhase;
			buildActionMask = 2147483647;
			files = (
				A824D1FA2A15108C00A3518F /* ProcosUITestsLaunchTests.swift in Sources */,
				A824D1F82A15108C00A3518F /* ProcosUITests.swift in Sources */,
			);
			runOnlyForDeploymentPostprocessing = 0;
		};
/* End PBXSourcesBuildPhase section */

/* Begin PBXTargetDependency section */
		A824D1EB2A15108C00A3518F /* PBXTargetDependency */ = {
			isa = PBXTargetDependency;
			target = A824D1D82A15108900A3518F /* Procas */;
			targetProxy = A824D1EA2A15108C00A3518F /* PBXContainerItemProxy */;
		};
		A824D1F52A15108C00A3518F /* PBXTargetDependency */ = {
			isa = PBXTargetDependency;
			target = A824D1D82A15108900A3518F /* Procas */;
			targetProxy = A824D1F42A15108C00A3518F /* PBXContainerItemProxy */;
		};
/* End PBXTargetDependency section */

/* Begin XCBuildConfiguration section */
		A824D1FB2A15108C00A3518F /* Debug */ = {
			isa = XCBuildConfiguration;
			buildSettings = {
				ALWAYS_SEARCH_USER_PATHS = NO;
				CLANG_ANALYZER_NONNULL = YES;
				CLANG_ANALYZER_NUMBER_OBJECT_CONVERSION = YES_AGGRESSIVE;
				CLANG_CXX_LANGUAGE_STANDARD = "gnu++20";
				CLANG_ENABLE_MODULES = YES;
				CLANG_ENABLE_OBJC_ARC = YES;
				CLANG_ENABLE_OBJC_WEAK = YES;
				CLANG_WARN_BLOCK_CAPTURE_AUTORELEASING = YES;
				CLANG_WARN_BOOL_CONVERSION = YES;
				CLANG_WARN_COMMA = YES;
				CLANG_WARN_CONSTANT_CONVERSION = YES;
				CLANG_WARN_DEPRECATED_OBJC_IMPLEMENTATIONS = YES;
				CLANG_WARN_DIRECT_OBJC_ISA_USAGE = YES_ERROR;
				CLANG_WARN_DOCUMENTATION_COMMENTS = YES;
				CLANG_WARN_EMPTY_BODY = YES;
				CLANG_WARN_ENUM_CONVERSION = YES;
				CLANG_WARN_INFINITE_RECURSION = YES;
				CLANG_WARN_INT_CONVERSION = YES;
				CLANG_WARN_NON_LITERAL_NULL_CONVERSION = YES;
				CLANG_WARN_OBJC_IMPLICIT_RETAIN_SELF = YES;
				CLANG_WARN_OBJC_LITERAL_CONVERSION = YES;
				CLANG_WARN_OBJC_ROOT_CLASS = YES_ERROR;
				CLANG_WARN_QUOTED_INCLUDE_IN_FRAMEWORK_HEADER = YES;
				CLANG_WARN_RANGE_LOOP_ANALYSIS = YES;
				CLANG_WARN_STRICT_PROTOTYPES = YES;
				CLANG_WARN_SUSPICIOUS_MOVE = YES;
				CLANG_WARN_UNGUARDED_AVAILABILITY = YES_AGGRESSIVE;
				CLANG_WARN_UNREACHABLE_CODE = YES;
				CLANG_WARN__DUPLICATE_METHOD_MATCH = YES;
				COPY_PHASE_STRIP = NO;
				DEBUG_INFORMATION_FORMAT = dwarf;
				ENABLE_STRICT_OBJC_MSGSEND = YES;
				ENABLE_TESTABILITY = YES;
				GCC_C_LANGUAGE_STANDARD = gnu11;
				GCC_DYNAMIC_NO_PIC = NO;
				GCC_NO_COMMON_BLOCKS = YES;
				GCC_OPTIMIZATION_LEVEL = 0;
				GCC_PREPROCESSOR_DEFINITIONS = (
					"DEBUG=1",
					"$(inherited)",
				);
				GCC_WARN_64_TO_32_BIT_CONVERSION = YES;
				GCC_WARN_ABOUT_RETURN_TYPE = YES_ERROR;
				GCC_WARN_UNDECLARED_SELECTOR = YES;
				GCC_WARN_UNINITIALIZED_AUTOS = YES_AGGRESSIVE;
				GCC_WARN_UNUSED_FUNCTION = YES;
				GCC_WARN_UNUSED_VARIABLE = YES;
				IPHONEOS_DEPLOYMENT_TARGET = 16.1;
				MTL_ENABLE_DEBUG_INFO = INCLUDE_SOURCE;
				MTL_FAST_MATH = YES;
				ONLY_ACTIVE_ARCH = YES;
				SDKROOT = iphoneos;
				SWIFT_ACTIVE_COMPILATION_CONDITIONS = DEBUG;
				SWIFT_OPTIMIZATION_LEVEL = "-Onone";
			};
			name = Debug;
		};
		A824D1FC2A15108C00A3518F /* Release */ = {
			isa = XCBuildConfiguration;
			buildSettings = {
				ALWAYS_SEARCH_USER_PATHS = NO;
				CLANG_ANALYZER_NONNULL = YES;
				CLANG_ANALYZER_NUMBER_OBJECT_CONVERSION = YES_AGGRESSIVE;
				CLANG_CXX_LANGUAGE_STANDARD = "gnu++20";
				CLANG_ENABLE_MODULES = YES;
				CLANG_ENABLE_OBJC_ARC = YES;
				CLANG_ENABLE_OBJC_WEAK = YES;
				CLANG_WARN_BLOCK_CAPTURE_AUTORELEASING = YES;
				CLANG_WARN_BOOL_CONVERSION = YES;
				CLANG_WARN_COMMA = YES;
				CLANG_WARN_CONSTANT_CONVERSION = YES;
				CLANG_WARN_DEPRECATED_OBJC_IMPLEMENTATIONS = YES;
				CLANG_WARN_DIRECT_OBJC_ISA_USAGE = YES_ERROR;
				CLANG_WARN_DOCUMENTATION_COMMENTS = YES;
				CLANG_WARN_EMPTY_BODY = YES;
				CLANG_WARN_ENUM_CONVERSION = YES;
				CLANG_WARN_INFINITE_RECURSION = YES;
				CLANG_WARN_INT_CONVERSION = YES;
				CLANG_WARN_NON_LITERAL_NULL_CONVERSION = YES;
				CLANG_WARN_OBJC_IMPLICIT_RETAIN_SELF = YES;
				CLANG_WARN_OBJC_LITERAL_CONVERSION = YES;
				CLANG_WARN_OBJC_ROOT_CLASS = YES_ERROR;
				CLANG_WARN_QUOTED_INCLUDE_IN_FRAMEWORK_HEADER = YES;
				CLANG_WARN_RANGE_LOOP_ANALYSIS = YES;
				CLANG_WARN_STRICT_PROTOTYPES = YES;
				CLANG_WARN_SUSPICIOUS_MOVE = YES;
				CLANG_WARN_UNGUARDED_AVAILABILITY = YES_AGGRESSIVE;
				CLANG_WARN_UNREACHABLE_CODE = YES;
				CLANG_WARN__DUPLICATE_METHOD_MATCH = YES;
				COPY_PHASE_STRIP = NO;
				DEBUG_INFORMATION_FORMAT = "dwarf-with-dsym";
				ENABLE_NS_ASSERTIONS = NO;
				ENABLE_STRICT_OBJC_MSGSEND = YES;
				GCC_C_LANGUAGE_STANDARD = gnu11;
				GCC_NO_COMMON_BLOCKS = YES;
				GCC_WARN_64_TO_32_BIT_CONVERSION = YES;
				GCC_WARN_ABOUT_RETURN_TYPE = YES_ERROR;
				GCC_WARN_UNDECLARED_SELECTOR = YES;
				GCC_WARN_UNINITIALIZED_AUTOS = YES_AGGRESSIVE;
				GCC_WARN_UNUSED_FUNCTION = YES;
				GCC_WARN_UNUSED_VARIABLE = YES;
				IPHONEOS_DEPLOYMENT_TARGET = 16.1;
				MTL_ENABLE_DEBUG_INFO = NO;
				MTL_FAST_MATH = YES;
				SDKROOT = iphoneos;
				SWIFT_COMPILATION_MODE = wholemodule;
				SWIFT_OPTIMIZATION_LEVEL = "-O";
				VALIDATE_PRODUCT = YES;
			};
			name = Release;
		};
		A824D1FE2A15108C00A3518F /* Debug */ = {
			isa = XCBuildConfiguration;
			buildSettings = {
				ASSETCATALOG_COMPILER_APPICON_NAME = AppIcon;
				ASSETCATALOG_COMPILER_GLOBAL_ACCENT_COLOR_NAME = AccentColor;
				CODE_SIGN_STYLE = Automatic;
				CURRENT_PROJECT_VERSION = 1;
				DEVELOPMENT_ASSET_PATHS = "\"Procos/Preview Content\"";
				ENABLE_PREVIEWS = YES;
				GENERATE_INFOPLIST_FILE = YES;
				INFOPLIST_KEY_UIApplicationSceneManifest_Generation = YES;
				INFOPLIST_KEY_UIApplicationSupportsIndirectInputEvents = YES;
				INFOPLIST_KEY_UILaunchScreen_Generation = YES;
				INFOPLIST_KEY_UISupportedInterfaceOrientations_iPad = "UIInterfaceOrientationPortrait UIInterfaceOrientationPortraitUpsideDown UIInterfaceOrientationLandscapeLeft UIInterfaceOrientationLandscapeRight";
				INFOPLIST_KEY_UISupportedInterfaceOrientations_iPhone = "UIInterfaceOrientationPortrait UIInterfaceOrientationLandscapeLeft UIInterfaceOrientationLandscapeRight";
				LD_RUNPATH_SEARCH_PATHS = (
					"$(inherited)",
					"@executable_path/Frameworks",
				);
				MARKETING_VERSION = 1.0;
				PRODUCT_BUNDLE_IDENTIFIER = "eghs-computerscience.Procos";
				PRODUCT_NAME = "$(TARGET_NAME)";
				SWIFT_EMIT_LOC_STRINGS = YES;
				SWIFT_VERSION = 5.0;
				TARGETED_DEVICE_FAMILY = "1,2";
			};
			name = Debug;
		};
		A824D1FF2A15108C00A3518F /* Release */ = {
			isa = XCBuildConfiguration;
			buildSettings = {
				ASSETCATALOG_COMPILER_APPICON_NAME = AppIcon;
				ASSETCATALOG_COMPILER_GLOBAL_ACCENT_COLOR_NAME = AccentColor;
				CODE_SIGN_STYLE = Automatic;
				CURRENT_PROJECT_VERSION = 1;
				DEVELOPMENT_ASSET_PATHS = "\"Procos/Preview Content\"";
				ENABLE_PREVIEWS = YES;
				GENERATE_INFOPLIST_FILE = YES;
				INFOPLIST_KEY_UIApplicationSceneManifest_Generation = YES;
				INFOPLIST_KEY_UIApplicationSupportsIndirectInputEvents = YES;
				INFOPLIST_KEY_UILaunchScreen_Generation = YES;
				INFOPLIST_KEY_UISupportedInterfaceOrientations_iPad = "UIInterfaceOrientationPortrait UIInterfaceOrientationPortraitUpsideDown UIInterfaceOrientationLandscapeLeft UIInterfaceOrientationLandscapeRight";
				INFOPLIST_KEY_UISupportedInterfaceOrientations_iPhone = "UIInterfaceOrientationPortrait UIInterfaceOrientationLandscapeLeft UIInterfaceOrientationLandscapeRight";
				LD_RUNPATH_SEARCH_PATHS = (
					"$(inherited)",
					"@executable_path/Frameworks",
				);
				MARKETING_VERSION = 1.0;
				PRODUCT_BUNDLE_IDENTIFIER = "eghs-computerscience.Procos";
				PRODUCT_NAME = "$(TARGET_NAME)";
				SWIFT_EMIT_LOC_STRINGS = YES;
				SWIFT_VERSION = 5.0;
				TARGETED_DEVICE_FAMILY = "1,2";
			};
			name = Release;
		};
		A824D2012A15108C00A3518F /* Debug */ = {
			isa = XCBuildConfiguration;
			buildSettings = {
				ALWAYS_EMBED_SWIFT_STANDARD_LIBRARIES = YES;
				BUNDLE_LOADER = "$(TEST_HOST)";
				CODE_SIGN_STYLE = Automatic;
				CURRENT_PROJECT_VERSION = 1;
				GENERATE_INFOPLIST_FILE = YES;
				IPHONEOS_DEPLOYMENT_TARGET = 16.1;
				MARKETING_VERSION = 1.0;
				PRODUCT_BUNDLE_IDENTIFIER = "eghs-computerscience.ProcosTests";
				PRODUCT_NAME = "$(TARGET_NAME)";
				SWIFT_EMIT_LOC_STRINGS = NO;
				SWIFT_VERSION = 5.0;
				TARGETED_DEVICE_FAMILY = "1,2";
				TEST_HOST = "$(BUILT_PRODUCTS_DIR)/Procas.app/$(BUNDLE_EXECUTABLE_FOLDER_PATH)/Procas";
			};
			name = Debug;
		};
		A824D2022A15108C00A3518F /* Release */ = {
			isa = XCBuildConfiguration;
			buildSettings = {
				ALWAYS_EMBED_SWIFT_STANDARD_LIBRARIES = YES;
				BUNDLE_LOADER = "$(TEST_HOST)";
				CODE_SIGN_STYLE = Automatic;
				CURRENT_PROJECT_VERSION = 1;
				GENERATE_INFOPLIST_FILE = YES;
				IPHONEOS_DEPLOYMENT_TARGET = 16.1;
				MARKETING_VERSION = 1.0;
				PRODUCT_BUNDLE_IDENTIFIER = "eghs-computerscience.ProcosTests";
				PRODUCT_NAME = "$(TARGET_NAME)";
				SWIFT_EMIT_LOC_STRINGS = NO;
				SWIFT_VERSION = 5.0;
				TARGETED_DEVICE_FAMILY = "1,2";
				TEST_HOST = "$(BUILT_PRODUCTS_DIR)/Procas.app/$(BUNDLE_EXECUTABLE_FOLDER_PATH)/Procas";
			};
			name = Release;
		};
		A824D2042A15108C00A3518F /* Debug */ = {
			isa = XCBuildConfiguration;
			buildSettings = {
				ALWAYS_EMBED_SWIFT_STANDARD_LIBRARIES = YES;
				CODE_SIGN_STYLE = Automatic;
				CURRENT_PROJECT_VERSION = 1;
				GENERATE_INFOPLIST_FILE = YES;
				MARKETING_VERSION = 1.0;
				PRODUCT_BUNDLE_IDENTIFIER = "eghs-computerscience.ProcosUITests";
				PRODUCT_NAME = "$(TARGET_NAME)";
				SWIFT_EMIT_LOC_STRINGS = NO;
				SWIFT_VERSION = 5.0;
				TARGETED_DEVICE_FAMILY = "1,2";
				TEST_TARGET_NAME = Procos;
			};
			name = Debug;
		};
		A824D2052A15108C00A3518F /* Release */ = {
			isa = XCBuildConfiguration;
			buildSettings = {
				ALWAYS_EMBED_SWIFT_STANDARD_LIBRARIES = YES;
				CODE_SIGN_STYLE = Automatic;
				CURRENT_PROJECT_VERSION = 1;
				GENERATE_INFOPLIST_FILE = YES;
				MARKETING_VERSION = 1.0;
				PRODUCT_BUNDLE_IDENTIFIER = "eghs-computerscience.ProcosUITests";
				PRODUCT_NAME = "$(TARGET_NAME)";
				SWIFT_EMIT_LOC_STRINGS = NO;
				SWIFT_VERSION = 5.0;
				TARGETED_DEVICE_FAMILY = "1,2";
				TEST_TARGET_NAME = Procos;
			};
			name = Release;
		};
/* End XCBuildConfiguration section */

/* Begin XCConfigurationList section */
		A824D1D42A15108900A3518F /* Build configuration list for PBXProject "Procas" */ = {
			isa = XCConfigurationList;
			buildConfigurations = (
				A824D1FB2A15108C00A3518F /* Debug */,
				A824D1FC2A15108C00A3518F /* Release */,
			);
			defaultConfigurationIsVisible = 0;
			defaultConfigurationName = Release;
		};
		A824D1FD2A15108C00A3518F /* Build configuration list for PBXNativeTarget "Procas" */ = {
			isa = XCConfigurationList;
			buildConfigurations = (
				A824D1FE2A15108C00A3518F /* Debug */,
				A824D1FF2A15108C00A3518F /* Release */,
			);
			defaultConfigurationIsVisible = 0;
			defaultConfigurationName = Release;
		};
		A824D2002A15108C00A3518F /* Build configuration list for PBXNativeTarget "ProcasTests" */ = {
			isa = XCConfigurationList;
			buildConfigurations = (
				A824D2012A15108C00A3518F /* Debug */,
				A824D2022A15108C00A3518F /* Release */,
			);
			defaultConfigurationIsVisible = 0;
			defaultConfigurationName = Release;
		};
		A824D2032A15108C00A3518F /* Build configuration list for PBXNativeTarget "ProcasUITests" */ = {
			isa = XCConfigurationList;
			buildConfigurations = (
				A824D2042A15108C00A3518F /* Debug */,
				A824D2052A15108C00A3518F /* Release */,
			);
			defaultConfigurationIsVisible = 0;
			defaultConfigurationName = Release;
		};
/* End XCConfigurationList section */
	};
	rootObject = A824D1D12A15108900A3518F /* Project object */;
}
